
Microsoft Visual Studio Solution File, Format Version 12.00
# Visual Studio 15
VisualStudioVersion = 15.0.28010.2048
MinimumVisualStudioVersion = 10.0.40219.1
Project("{FAE04EC0-301F-11D3-BF4B-00C04F79EFBC}") = "KmsReportWS", "KmsReportWS\KmsReportWS.csproj", "{0B0BC394-F725-4672-ACF7-9C2FB41368EC}"
EndProject
Global
	GlobalSection(SolutionConfigurationPlatforms) = preSolution
		Debug|Any CPU = Debug|Any CPU
		Release|Any CPU = Release|Any CPU
	EndGlobalSection
	GlobalSection(ProjectConfigurationPlatforms) = postSolution
		{0B0BC394-F725-4672-ACF7-9C2FB41368EC}.Debug|Any CPU.ActiveCfg = Debug|Any CPU
		{0B0BC394-F725-4672-ACF7-9C2FB41368EC}.Debug|Any CPU.Build.0 = Debug|Any CPU
		{0B0BC394-F725-4672-ACF7-9C2FB41368EC}.Release|Any CPU.ActiveCfg = Release|Any CPU
		{0B0BC394-F725-4672-ACF7-9C2FB41368EC}.Release|Any CPU.Build.0 = Release|Any CPU
	EndGlobalSection
	GlobalSection(SolutionProperties) = preSolution
		HideSolutionNode = FALSE
	EndGlobalSection
	GlobalSection(ExtensibilityGlobals) = postSolution
		SolutionGuid = {A2741D2B-0424-4F08-80F1-E08B2DB3B2DA}
	EndGlobalSection
EndGlobal
